
Microsoft Visual Studio Solution File, Format Version 12.00
# Visual Studio Version 17
VisualStudioVersion = 17.14.36310.24 d17.14
MinimumVisualStudioVersion = 10.0.40219.1
Project("{FAE04EC0-301F-11D3-BF4B-00C04F79EFBC}") = "StoreFlow", "StoreFlow\StoreFlow.csproj", "{CAE1BCE0-C034-4340-81D6-78FA6C556A67}"
EndProject
Global
	GlobalSection(SolutionConfigurationPlatforms) = preSolution
		Debug|Any CPU = Debug|Any CPU
		Release|Any CPU = Release|Any CPU
	EndGlobalSection
	GlobalSection(ProjectConfigurationPlatforms) = postSolution
		{CAE1BCE0-C034-4340-81D6-78FA6C556A67}.Debug|Any CPU.ActiveCfg = Debug|Any CPU
		{CAE1BCE0-C034-4340-81D6-78FA6C556A67}.Debug|Any CPU.Build.0 = Debug|Any CPU
		{CAE1BCE0-C034-4340-81D6-78FA6C556A67}.Release|Any CPU.ActiveCfg = Release|Any CPU
		{CAE1BCE0-C034-4340-81D6-78FA6C556A67}.Release|Any CPU.Build.0 = Release|Any CPU
	EndGlobalSection
	GlobalSection(SolutionProperties) = preSolution
		HideSolutionNode = FALSE
	EndGlobalSection
	GlobalSection(ExtensibilityGlobals) = postSolution
		SolutionGuid = {AA93444E-5A81-44C0-9880-A9C5168060DE}
	EndGlobalSection
EndGlobal
